// !$*UTF8*$!
{
	archiveVersion = 1;
	classes = {
	};
	objectVersion = 50;
	objects = {

/* Begin PBXBuildFile section */
		1626F6A8268552A6008DAD8A /* AppDelegate.swift in Sources */ = {isa = PBXBuildFile; fileRef = 1626F6A7268552A6008DAD8A /* AppDelegate.swift */; };
		1626F6AA268552A6008DAD8A /* SceneDelegate.swift in Sources */ = {isa = PBXBuildFile; fileRef = 1626F6A9268552A6008DAD8A /* SceneDelegate.swift */; };
		1626F6AC268552A6008DAD8A /* MemeCreatorViewController.swift in Sources */ = {isa = PBXBuildFile; fileRef = 1626F6AB268552A6008DAD8A /* MemeCreatorViewController.swift */; };
		1626F6AF268552A6008DAD8A /* Main.storyboard in Resources */ = {isa = PBXBuildFile; fileRef = 1626F6AD268552A6008DAD8A /* Main.storyboard */; };
		1626F6B1268552A9008DAD8A /* Assets.xcassets in Resources */ = {isa = PBXBuildFile; fileRef = 1626F6B0268552A9008DAD8A /* Assets.xcassets */; };
		1626F6B4268552A9008DAD8A /* LaunchScreen.storyboard in Resources */ = {isa = PBXBuildFile; fileRef = 1626F6B2268552A9008DAD8A /* LaunchScreen.storyboard */; };
		1626F6BC268D5D9C008DAD8A /* MemeModel.swift in Sources */ = {isa = PBXBuildFile; fileRef = 1626F6BB268D5D9C008DAD8A /* MemeModel.swift */; };
		1626F6C3268D81AB008DAD8A /* Impact.ttf in Resources */ = {isa = PBXBuildFile; fileRef = 1626F6C2268D81AB008DAD8A /* Impact.ttf */; };
		1637876B26D343D1003A3DDB /* SentMemesCollectionViewController.swift in Sources */ = {isa = PBXBuildFile; fileRef = 1637876A26D343D1003A3DDB /* SentMemesCollectionViewController.swift */; };
		1637876D26D343E1003A3DDB /* ViewController.swift in Sources */ = {isa = PBXBuildFile; fileRef = 1637876C26D343E1003A3DDB /* ViewController.swift */; };
		1637876F26D347EB003A3DDB /* MemeCollectionViewCell.swift in Sources */ = {isa = PBXBuildFile; fileRef = 1637876E26D347EB003A3DDB /* MemeCollectionViewCell.swift */; };
		1637877326E9840F003A3DDB /* MemeDetailViewController.swift in Sources */ = {isa = PBXBuildFile; fileRef = 1637877226E9840F003A3DDB /* MemeDetailViewController.swift */; };
/* End PBXBuildFile section */

/* Begin PBXFileReference section */
		1626F6A4268552A6008DAD8A /* MemeMeApp.app */ = {isa = PBXFileReference; explicitFileType = wrapper.application; includeInIndex = 0; path = MemeMeApp.app; sourceTree = BUILT_PRODUCTS_DIR; };
		1626F6A7268552A6008DAD8A /* AppDelegate.swift */ = {isa = PBXFileReference; lastKnownFileType = sourcecode.swift; path = AppDelegate.swift; sourceTree = "<group>"; };
		1626F6A9268552A6008DAD8A /* SceneDelegate.swift */ = {isa = PBXFileReference; lastKnownFileType = sourcecode.swift; path = SceneDelegate.swift; sourceTree = "<group>"; };
		1626F6AB268552A6008DAD8A /* MemeCreatorViewController.swift */ = {isa = PBXFileReference; lastKnownFileType = sourcecode.swift; path = MemeCreatorViewController.swift; sourceTree = "<group>"; };
		1626F6AE268552A6008DAD8A /* Base */ = {isa = PBXFileReference; lastKnownFileType = file.storyboard; name = Base; path = Base.lproj/Main.storyboard; sourceTree = "<group>"; };
		1626F6B0268552A9008DAD8A /* Assets.xcassets */ = {isa = PBXFileReference; lastKnownFileType = folder.assetcatalog; path = Assets.xcassets; sourceTree = "<group>"; };
		1626F6B3268552A9008DAD8A /* Base */ = {isa = PBXFileReference; lastKnownFileType = file.storyboard; name = Base; path = Base.lproj/LaunchScreen.storyboard; sourceTree = "<group>"; };
		1626F6B5268552A9008DAD8A /* Info.plist */ = {isa = PBXFileReference; lastKnownFileType = text.plist.xml; path = Info.plist; sourceTree = "<group>"; };
		1626F6BB268D5D9C008DAD8A /* MemeModel.swift */ = {isa = PBXFileReference; lastKnownFileType = sourcecode.swift; path = MemeModel.swift; sourceTree = "<group>"; };
		1626F6C2268D81AB008DAD8A /* Impact.ttf */ = {isa = PBXFileReference; lastKnownFileType = file; path = Impact.ttf; sourceTree = "<group>"; };
		1637876A26D343D1003A3DDB /* SentMemesCollectionViewController.swift */ = {isa = PBXFileReference; lastKnownFileType = sourcecode.swift; path = SentMemesCollectionViewController.swift; sourceTree = "<group>"; };
		1637876C26D343E1003A3DDB /* ViewController.swift */ = {isa = PBXFileReference; lastKnownFileType = sourcecode.swift; path = ViewController.swift; sourceTree = "<group>"; };
		1637876E26D347EB003A3DDB /* MemeCollectionViewCell.swift */ = {isa = PBXFileReference; lastKnownFileType = sourcecode.swift; path = MemeCollectionViewCell.swift; sourceTree = "<group>"; };
		1637877226E9840F003A3DDB /* MemeDetailViewController.swift */ = {isa = PBXFileReference; lastKnownFileType = sourcecode.swift; path = MemeDetailViewController.swift; sourceTree = "<group>"; };
/* End PBXFileReference section */

/* Begin PBXFrameworksBuildPhase section */
		1626F6A1268552A6008DAD8A /* Frameworks */ = {
			isa = PBXFrameworksBuildPhase;
			buildActionMask = 2147483647;
			files = (
			);
			runOnlyForDeploymentPostprocessing = 0;
		};
/* End PBXFrameworksBuildPhase section */

/* Begin PBXGroup section */
		1626F69B268552A6008DAD8A = {
			isa = PBXGroup;
			children = (
				1626F6A6268552A6008DAD8A /* MemeMeApp */,
				1626F6A5268552A6008DAD8A /* Products */,
			);
			sourceTree = "<group>";
		};
		1626F6A5268552A6008DAD8A /* Products */ = {
			isa = PBXGroup;
			children = (
				1626F6A4268552A6008DAD8A /* MemeMeApp.app */,
			);
			name = Products;
			sourceTree = "<group>";
		};
		1626F6A6268552A6008DAD8A /* MemeMeApp */ = {
			isa = PBXGroup;
			children = (
				1626F6A7268552A6008DAD8A /* AppDelegate.swift */,
				1626F6A9268552A6008DAD8A /* SceneDelegate.swift */,
				1626F6BB268D5D9C008DAD8A /* MemeModel.swift */,
				1637876E26D347EB003A3DDB /* MemeCollectionViewCell.swift */,
				1626F6AB268552A6008DAD8A /* MemeCreatorViewController.swift */,
				1637876A26D343D1003A3DDB /* SentMemesCollectionViewController.swift */,
				1637877226E9840F003A3DDB /* MemeDetailViewController.swift */,
				1637876C26D343E1003A3DDB /* ViewController.swift */,
				1626F6AD268552A6008DAD8A /* Main.storyboard */,
				1626F6C2268D81AB008DAD8A /* Impact.ttf */,
				1626F6B0268552A9008DAD8A /* Assets.xcassets */,
				1626F6B2268552A9008DAD8A /* LaunchScreen.storyboard */,
				1626F6B5268552A9008DAD8A /* Info.plist */,
			);
			path = MemeMeApp;
			sourceTree = "<group>";
		};
/* End PBXGroup section */

/* Begin PBXNativeTarget section */
		1626F6A3268552A6008DAD8A /* MemeMeApp */ = {
			isa = PBXNativeTarget;
			buildConfigurationList = 1626F6B8268552A9008DAD8A /* Build configuration list for PBXNativeTarget "MemeMeApp" */;
			buildPhases = (
				1626F6A0268552A6008DAD8A /* Sources */,
				1626F6A1268552A6008DAD8A /* Frameworks */,
				1626F6A2268552A6008DAD8A /* Resources */,
			);
			buildRules = (
			);
			dependencies = (
			);
			name = MemeMeApp;
			productName = MemeMeApp;
			productReference = 1626F6A4268552A6008DAD8A /* MemeMeApp.app */;
			productType = "com.apple.product-type.application";
		};
/* End PBXNativeTarget section */

/* Begin PBXProject section */
		1626F69C268552A6008DAD8A /* Project object */ = {
			isa = PBXProject;
			attributes = {
				LastSwiftUpdateCheck = 1250;
				LastUpgradeCheck = 1250;
				TargetAttributes = {
					1626F6A3268552A6008DAD8A = {
						CreatedOnToolsVersion = 12.5;
					};
				};
			};
			buildConfigurationList = 1626F69F268552A6008DAD8A /* Build configuration list for PBXProject "MemeMeApp" */;
			compatibilityVersion = "Xcode 9.3";
			developmentRegion = en;
			hasScannedForEncodings = 0;
			knownRegions = (
				en,
				Base,
			);
			mainGroup = 1626F69B268552A6008DAD8A;
			productRefGroup = 1626F6A5268552A6008DAD8A /* Products */;
			projectDirPath = "";
			projectRoot = "";
			targets = (
				1626F6A3268552A6008DAD8A /* MemeMeApp */,
			);
		};
/* End PBXProject section */

/* Begin PBXResourcesBuildPhase section */
		1626F6A2268552A6008DAD8A /* Resources */ = {
			isa = PBXResourcesBuildPhase;
			buildActionMask = 2147483647;
			files = (
				1626F6C3268D81AB008DAD8A /* Impact.ttf in Resources */,
				1626F6B4268552A9008DAD8A /* LaunchScreen.storyboard in Resources */,
				1626F6B1268552A9008DAD8A /* Assets.xcassets in Resources */,
				1626F6AF268552A6008DAD8A /* Main.storyboard in Resources */,
			);
			runOnlyForDeploymentPostprocessing = 0;
		};
/* End PBXResourcesBuildPhase section */

/* Begin PBXSourcesBuildPhase section */
		1626F6A0268552A6008DAD8A /* Sources */ = {
			isa = PBXSourcesBuildPhase;
			buildActionMask = 2147483647;
			files = (
				1626F6AC268552A6008DAD8A /* MemeCreatorViewController.swift in Sources */,
				1637876D26D343E1003A3DDB /* ViewController.swift in Sources */,
				1626F6A8268552A6008DAD8A /* AppDelegate.swift in Sources */,
				1637876B26D343D1003A3DDB /* SentMemesCollectionViewController.swift in Sources */,
				1637876F26D347EB003A3DDB /* MemeCollectionViewCell.swift in Sources */,
				1626F6AA268552A6008DAD8A /* SceneDelegate.swift in Sources */,
				1626F6BC268D5D9C008DAD8A /* MemeModel.swift in Sources */,
				1637877326E9840F003A3DDB /* MemeDetailViewController.swift in Sources */,
			);
			runOnlyForDeploymentPostprocessing = 0;
		};
/* End PBXSourcesBuildPhase section */

/* Begin PBXVariantGroup section */
		1626F6AD268552A6008DAD8A /* Main.storyboard */ = {
			isa = PBXVariantGroup;
			children = (
				1626F6AE268552A6008DAD8A /* Base */,
			);
			name = Main.storyboard;
			sourceTree = "<group>";
		};
		1626F6B2268552A9008DAD8A /* LaunchScreen.storyboard */ = {
			isa = PBXVariantGroup;
			children = (
				1626F6B3268552A9008DAD8A /* Base */,
			);
			name = LaunchScreen.storyboard;
			sourceTree = "<group>";
		};
/* End PBXVariantGroup section */

/* Begin XCBuildConfiguration section */
		1626F6B6268552A9008DAD8A /* Debug */ = {
			isa = XCBuildConfiguration;
			buildSettings = {
				ALWAYS_SEARCH_USER_PATHS = NO;
				CLANG_ANALYZER_NONNULL = YES;
				CLANG_ANALYZER_NUMBER_OBJECT_CONVERSION = YES_AGGRESSIVE;
				CLANG_CXX_LANGUAGE_STANDARD = "gnu++14";
				CLANG_CXX_LIBRARY = "libc++";
				CLANG_ENABLE_MODULES = YES;
				CLANG_ENABLE_OBJC_ARC = YES;
				CLANG_ENABLE_OBJC_WEAK = YES;
				CLANG_WARN_BLOCK_CAPTURE_AUTORELEASING = YES;
				CLANG_WARN_BOOL_CONVERSION = YES;
				CLANG_WARN_COMMA = YES;
				CLANG_WARN_CONSTANT_CONVERSION = YES;
				CLANG_WARN_DEPRECATED_OBJC_IMPLEMENTATIONS = YES;
				CLANG_WARN_DIRECT_OBJC_ISA_USAGE = YES_ERROR;
				CLANG_WARN_DOCUMENTATION_COMMENTS = YES;
				CLANG_WARN_EMPTY_BODY = YES;
				CLANG_WARN_ENUM_CONVERSION = YES;
				CLANG_WARN_INFINITE_RECURSION = YES;
				CLANG_WARN_INT_CONVERSION = YES;
				CLANG_WARN_NON_LITERAL_NULL_CONVERSION = YES;
				CLANG_WARN_OBJC_IMPLICIT_RETAIN_SELF = YES;
				CLANG_WARN_OBJC_LITERAL_CONVERSION = YES;
				CLANG_WARN_OBJC_ROOT_CLASS = YES_ERROR;
				CLANG_WARN_QUOTED_INCLUDE_IN_FRAMEWORK_HEADER = YES;
				CLANG_WARN_RANGE_LOOP_ANALYSIS = YES;
				CLANG_WARN_STRICT_PROTOTYPES = YES;
				CLANG_WARN_SUSPICIOUS_MOVE = YES;
				CLANG_WARN_UNGUARDED_AVAILABILITY = YES_AGGRESSIVE;
				CLANG_WARN_UNREACHABLE_CODE = YES;
				CLANG_WARN__DUPLICATE_METHOD_MATCH = YES;
				COPY_PHASE_STRIP = NO;
				DEBUG_INFORMATION_FORMAT = dwarf;
				ENABLE_STRICT_OBJC_MSGSEND = YES;
				ENABLE_TESTABILITY = YES;
				GCC_C_LANGUAGE_STANDARD = gnu11;
				GCC_DYNAMIC_NO_PIC = NO;
				GCC_NO_COMMON_BLOCKS = YES;
				GCC_OPTIMIZATION_LEVEL = 0;
				GCC_PREPROCESSOR_DEFINITIONS = (
					"DEBUG=1",
					"$(inherited)",
				);
				GCC_WARN_64_TO_32_BIT_CONVERSION = YES;
				GCC_WARN_ABOUT_RETURN_TYPE = YES_ERROR;
				GCC_WARN_UNDECLARED_SELECTOR = YES;
				GCC_WARN_UNINITIALIZED_AUTOS = YES_AGGRESSIVE;
				GCC_WARN_UNUSED_FUNCTION = YES;
				GCC_WARN_UNUSED_VARIABLE = YES;
				IPHONEOS_DEPLOYMENT_TARGET = 14.5;
				MTL_ENABLE_DEBUG_INFO = INCLUDE_SOURCE;
				MTL_FAST_MATH = YES;
				ONLY_ACTIVE_ARCH = YES;
				SDKROOT = iphoneos;
				SWIFT_ACTIVE_COMPILATION_CONDITIONS = DEBUG;
				SWIFT_OPTIMIZATION_LEVEL = "-Onone";
			};
			name = Debug;
		};
		1626F6B7268552A9008DAD8A /* Release */ = {
			isa = XCBuildConfiguration;
			buildSettings = {
				ALWAYS_SEARCH_USER_PATHS = NO;
				CLANG_ANALYZER_NONNULL = YES;
				CLANG_ANALYZER_NUMBER_OBJECT_CONVERSION = YES_AGGRESSIVE;
				CLANG_CXX_LANGUAGE_STANDARD = "gnu++14";
				CLANG_CXX_LIBRARY = "libc++";
				CLANG_ENABLE_MODULES = YES;
				CLANG_ENABLE_OBJC_ARC = YES;
				CLANG_ENABLE_OBJC_WEAK = YES;
				CLANG_WARN_BLOCK_CAPTURE_AUTORELEASING = YES;
				CLANG_WARN_BOOL_CONVERSION = YES;
				CLANG_WARN_COMMA = YES;
				CLANG_WARN_CONSTANT_CONVERSION = YES;
				CLANG_WARN_DEPRECATED_OBJC_IMPLEMENTATIONS = YES;
				CLANG_WARN_DIRECT_OBJC_ISA_USAGE = YES_ERROR;
				CLANG_WARN_DOCUMENTATION_COMMENTS = YES;
				CLANG_WARN_EMPTY_BODY = YES;
				CLANG_WARN_ENUM_CONVERSION = YES;
				CLANG_WARN_INFINITE_RECURSION = YES;
				CLANG_WARN_INT_CONVERSION = YES;
				CLANG_WARN_NON_LITERAL_NULL_CONVERSION = YES;
				CLANG_WARN_OBJC_IMPLICIT_RETAIN_SELF = YES;
				CLANG_WARN_OBJC_LITERAL_CONVERSION = YES;
				CLANG_WARN_OBJC_ROOT_CLASS = YES_ERROR;
				CLANG_WARN_QUOTED_INCLUDE_IN_FRAMEWORK_HEADER = YES;
				CLANG_WARN_RANGE_LOOP_ANALYSIS = YES;
				CLANG_WARN_STRICT_PROTOTYPES = YES;
				CLANG_WARN_SUSPICIOUS_MOVE = YES;
				CLANG_WARN_UNGUARDED_AVAILABILITY = YES_AGGRESSIVE;
				CLANG_WARN_UNREACHABLE_CODE = YES;
				CLANG_WARN__DUPLICATE_METHOD_MATCH = YES;
				COPY_PHASE_STRIP = NO;
				DEBUG_INFORMATION_FORMAT = "dwarf-with-dsym";
				ENABLE_NS_ASSERTIONS = NO;
				ENABLE_STRICT_OBJC_MSGSEND = YES;
				GCC_C_LANGUAGE_STANDARD = gnu11;
				GCC_NO_COMMON_BLOCKS = YES;
				GCC_WARN_64_TO_32_BIT_CONVERSION = YES;
				GCC_WARN_ABOUT_RETURN_TYPE = YES_ERROR;
				GCC_WARN_UNDECLARED_SELECTOR = YES;
				GCC_WARN_UNINITIALIZED_AUTOS = YES_AGGRESSIVE;
				GCC_WARN_UNUSED_FUNCTION = YES;
				GCC_WARN_UNUSED_VARIABLE = YES;
				IPHONEOS_DEPLOYMENT_TARGET = 14.5;
				MTL_ENABLE_DEBUG_INFO = NO;
				MTL_FAST_MATH = YES;
				SDKROOT = iphoneos;
				SWIFT_COMPILATION_MODE = wholemodule;
				SWIFT_OPTIMIZATION_LEVEL = "-O";
				VALIDATE_PRODUCT = YES;
			};
			name = Release;
		};
		1626F6B9268552A9008DAD8A /* Debug */ = {
			isa = XCBuildConfiguration;
			buildSettings = {
				ASSETCATALOG_COMPILER_APPICON_NAME = AppIcon;
				ASSETCATALOG_COMPILER_GLOBAL_ACCENT_COLOR_NAME = AccentColor;
				CODE_SIGN_STYLE = Automatic;
				INFOPLIST_FILE = MemeMeApp/Info.plist;
				LD_RUNPATH_SEARCH_PATHS = (
					"$(inherited)",
					"@executable_path/Frameworks",
				);
				PRODUCT_BUNDLE_IDENTIFIER = dev.weblen.MemeMeApp;
				PRODUCT_NAME = "$(TARGET_NAME)";
				SWIFT_VERSION = 5.0;
				TARGETED_DEVICE_FAMILY = "1,2";
			};
			name = Debug;
		};
		1626F6BA268552A9008DAD8A /* Release */ = {
			isa = XCBuildConfiguration;
			buildSettings = {
				ASSETCATALOG_COMPILER_APPICON_NAME = AppIcon;
				ASSETCATALOG_COMPILER_GLOBAL_ACCENT_COLOR_NAME = AccentColor;
				CODE_SIGN_STYLE = Automatic;
				INFOPLIST_FILE = MemeMeApp/Info.plist;
				LD_RUNPATH_SEARCH_PATHS = (
					"$(inherited)",
					"@executable_path/Frameworks",
				);
				PRODUCT_BUNDLE_IDENTIFIER = dev.weblen.MemeMeApp;
				PRODUCT_NAME = "$(TARGET_NAME)";
				SWIFT_VERSION = 5.0;
				TARGETED_DEVICE_FAMILY = "1,2";
			};
			name = Release;
		};
/* End XCBuildConfiguration section */

/* Begin XCConfigurationList section */
		1626F69F268552A6008DAD8A /* Build configuration list for PBXProject "MemeMeApp" */ = {
			isa = XCConfigurationList;
			buildConfigurations = (
				1626F6B6268552A9008DAD8A /* Debug */,
				1626F6B7268552A9008DAD8A /* Release */,
			);
			defaultConfigurationIsVisible = 0;
			defaultConfigurationName = Release;
		};
		1626F6B8268552A9008DAD8A /* Build configuration list for PBXNativeTarget "MemeMeApp" */ = {
			isa = XCConfigurationList;
			buildConfigurations = (
				1626F6B9268552A9008DAD8A /* Debug */,
				1626F6BA268552A9008DAD8A /* Release */,
			);
			defaultConfigurationIsVisible = 0;
			defaultConfigurationName = Release;
		};
/* End XCConfigurationList section */
	};
	rootObject = 1626F69C268552A6008DAD8A /* Project object */;
}
